
Microsoft Visual Studio Solution File, Format Version 12.00
# Visual Studio 15
VisualStudioVersion = 15.0.27130.2036
MinimumVisualStudioVersion = 10.0.40219.1
Project("{FAE04EC0-301F-11D3-BF4B-00C04F79EFBC}") = "Heap", "BST\Heap.csproj", "{C77A97DA-0F41-4102-910E-1D524E1C31E9}"
EndProject
Global
	GlobalSection(SolutionConfigurationPlatforms) = preSolution
		Debug|Any CPU = Debug|Any CPU
		Release|Any CPU = Release|Any CPU
	EndGlobalSection
	GlobalSection(ProjectConfigurationPlatforms) = postSolution
		{C77A97DA-0F41-4102-910E-1D524E1C31E9}.Debug|Any CPU.ActiveCfg = Debug|Any CPU
		{C77A97DA-0F41-4102-910E-1D524E1C31E9}.Debug|Any CPU.Build.0 = Debug|Any CPU
		{C77A97DA-0F41-4102-910E-1D524E1C31E9}.Release|Any CPU.ActiveCfg = Release|Any CPU
		{C77A97DA-0F41-4102-910E-1D524E1C31E9}.Release|Any CPU.Build.0 = Release|Any CPU
	EndGlobalSection
	GlobalSection(SolutionProperties) = preSolution
		HideSolutionNode = FALSE
	EndGlobalSection
	GlobalSection(ExtensibilityGlobals) = postSolution
		SolutionGuid = {DCED93C4-74EE-4F22-84C0-739810EDC75C}
	EndGlobalSection
EndGlobal
