
Microsoft Visual Studio Solution File, Format Version 12.00
# Visual Studio 15
VisualStudioVersion = 15.0.27130.2036
MinimumVisualStudioVersion = 10.0.40219.1
Project("{FAE04EC0-301F-11D3-BF4B-00C04F79EFBC}") = "Lists'n'Heaps", "Lists'n'Heaps\Lists'n'Heaps.csproj", "{1E51EFB0-0121-4EF1-AA2A-F28D0B55BCFB}"
EndProject
Global
	GlobalSection(SolutionConfigurationPlatforms) = preSolution
		Debug|Any CPU = Debug|Any CPU
		Release|Any CPU = Release|Any CPU
	EndGlobalSection
	GlobalSection(ProjectConfigurationPlatforms) = postSolution
		{1E51EFB0-0121-4EF1-AA2A-F28D0B55BCFB}.Debug|Any CPU.ActiveCfg = Debug|Any CPU
		{1E51EFB0-0121-4EF1-AA2A-F28D0B55BCFB}.Debug|Any CPU.Build.0 = Debug|Any CPU
		{1E51EFB0-0121-4EF1-AA2A-F28D0B55BCFB}.Release|Any CPU.ActiveCfg = Release|Any CPU
		{1E51EFB0-0121-4EF1-AA2A-F28D0B55BCFB}.Release|Any CPU.Build.0 = Release|Any CPU
	EndGlobalSection
	GlobalSection(SolutionProperties) = preSolution
		HideSolutionNode = FALSE
	EndGlobalSection
	GlobalSection(ExtensibilityGlobals) = postSolution
		SolutionGuid = {5D088C90-E20F-477D-BE3D-F5740820CC18}
	EndGlobalSection
EndGlobal
